github.com/lib/pq v1.7.0 h1:h93mCPfUSkaul3Ka/VG8uZdmW1uMHDGxzu0NWHuJmHY=
github.com/lib/pq v1.7.0/go.mod h1:AlVN5x4E4T544tWzH6hKfbfQvm3HdbOxrmggDNAPY9o=
github.com/rafaelfino/learnops v0.0.0-20200628145609-85ce8cdd6233 h1:Tg2p0VMuImy+OmUC5if8P16sYeP7XkN4FW00wypgFbA=
github.com/rafaelfino/metrics v0.0.0-20200622152306-76b17e805194 h1:WbuU2St4sP/S43UGPc46QOxhPiTEHHTrVWd4XpGZoyU=
github.com/rafaelfino/metrics v0.0.0-20200622152306-76b17e805194/go.mod h1:Tr18EQXThAA0XJETSSZ3qaGv/5q/k5hvq0cno350bVQ=
